// !$*UTF8*$!
{
	archiveVersion = 1;
	classes = {
	};
	objectVersion = 77;
	objects = {

/* Begin PBXContainerItemProxy section */
		FAFF684E2E5A1968003DA4CD /* PBXContainerItemProxy */ = {
			isa = PBXContainerItemProxy;
			containerPortal = FAFF68382E5A1965003DA4CD /* Project object */;
			proxyType = 1;
			remoteGlobalIDString = FAFF683F2E5A1966003DA4CD;
			remoteInfo = WikipediaSearchApp;
		};
		FAFF68582E5A1968003DA4CD /* PBXContainerItemProxy */ = {
			isa = PBXContainerItemProxy;
			containerPortal = FAFF68382E5A1965003DA4CD /* Project object */;
			proxyType = 1;
			remoteGlobalIDString = FAFF683F2E5A1966003DA4CD;
			remoteInfo = WikipediaSearchApp;
		};
/* End PBXContainerItemProxy section */

/* Begin PBXFileReference section */
		FAFF68402E5A1966003DA4CD /* WikipediaSearchApp.app */ = {isa = PBXFileReference; explicitFileType = wrapper.application; includeInIndex = 0; path = WikipediaSearchApp.app; sourceTree = BUILT_PRODUCTS_DIR; };
		FAFF684D2E5A1968003DA4CD /* WikipediaSearchAppTests.xctest */ = {isa = PBXFileReference; explicitFileType = wrapper.cfbundle; includeInIndex = 0; path = WikipediaSearchAppTests.xctest; sourceTree = BUILT_PRODUCTS_DIR; };
		FAFF68572E5A1968003DA4CD /* WikipediaSearchAppUITests.xctest */ = {isa = PBXFileReference; explicitFileType = wrapper.cfbundle; includeInIndex = 0; path = WikipediaSearchAppUITests.xctest; sourceTree = BUILT_PRODUCTS_DIR; };
/* End PBXFileReference section */

/* Begin PBXFileSystemSynchronizedRootGroup section */
		FAFF68422E5A1966003DA4CD /* WikipediaSearchApp */ = {
			isa = PBXFileSystemSynchronizedRootGroup;
			path = WikipediaSearchApp;
			sourceTree = "<group>";
		};
		FAFF68502E5A1968003DA4CD /* WikipediaSearchAppTests */ = {
			isa = PBXFileSystemSynchronizedRootGroup;
			path = WikipediaSearchAppTests;
			sourceTree = "<group>";
		};
/* End PBXFileSystemSynchronizedRootGroup section */

/* Begin PBXFrameworksBuildPhase section */
		FAFF683D2E5A1966003DA4CD /* Frameworks */ = {
			isa = PBXFrameworksBuildPhase;
			buildActionMask = 2147483647;
			files = (
			);
			runOnlyForDeploymentPostprocessing = 0;
		};
		FAFF684A2E5A1968003DA4CD /* Frameworks */ = {
			isa = PBXFrameworksBuildPhase;
			buildActionMask = 2147483647;
			files = (
			);
			runOnlyForDeploymentPostprocessing = 0;
		};
		FAFF68542E5A1968003DA4CD /* Frameworks */ = {
			isa = PBXFrameworksBuildPhase;
			buildActionMask = 2147483647;
			files = (
			);
			runOnlyForDeploymentPostprocessing = 0;
		};
/* End PBXFrameworksBuildPhase section */

/* Begin PBXGroup section */
		FAFF68372E5A1965003DA4CD = {
			isa = PBXGroup;
			children = (
				FAFF68422E5A1966003DA4CD /* WikipediaSearchApp */,
				FAFF68502E5A1968003DA4CD /* WikipediaSearchAppTests */,
				FAFF68412E5A1966003DA4CD /* Products */,
			);
			sourceTree = "<group>";
		};
		FAFF68412E5A1966003DA4CD /* Products */ = {
			isa = PBXGroup;
			children = (
				FAFF68402E5A1966003DA4CD /* WikipediaSearchApp.app */,
				FAFF684D2E5A1968003DA4CD /* WikipediaSearchAppTests.xctest */,
				FAFF68572E5A1968003DA4CD /* WikipediaSearchAppUITests.xctest */,
			);
			name = Products;
			sourceTree = "<group>";
		};
/* End PBXGroup section */

/* Begin PBXNativeTarget section */
		FAFF683F2E5A1966003DA4CD /* WikipediaSearchApp */ = {
			isa = PBXNativeTarget;
			buildConfigurationList = FAFF68612E5A1968003DA4CD /* Build configuration list for PBXNativeTarget "WikipediaSearchApp" */;
			buildPhases = (
				FAFF683C2E5A1966003DA4CD /* Sources */,
				FAFF683D2E5A1966003DA4CD /* Frameworks */,
				FAFF683E2E5A1966003DA4CD /* Resources */,
			);
			buildRules = (
			);
			dependencies = (
			);
			fileSystemSynchronizedGroups = (
				FAFF68422E5A1966003DA4CD /* WikipediaSearchApp */,
			);
			name = WikipediaSearchApp;
			packageProductDependencies = (
			);
			productName = WikipediaSearchApp;
			productReference = FAFF68402E5A1966003DA4CD /* WikipediaSearchApp.app */;
			productType = "com.apple.product-type.application";
		};
		FAFF684C2E5A1968003DA4CD /* WikipediaSearchAppTests */ = {
			isa = PBXNativeTarget;
			buildConfigurationList = FAFF68642E5A1968003DA4CD /* Build configuration list for PBXNativeTarget "WikipediaSearchAppTests" */;
			buildPhases = (
				FAFF68492E5A1968003DA4CD /* Sources */,
				FAFF684A2E5A1968003DA4CD /* Frameworks */,
				FAFF684B2E5A1968003DA4CD /* Resources */,
			);
			buildRules = (
			);
			dependencies = (
				FAFF684F2E5A1968003DA4CD /* PBXTargetDependency */,
			);
			fileSystemSynchronizedGroups = (
				FAFF68502E5A1968003DA4CD /* WikipediaSearchAppTests */,
			);
			name = WikipediaSearchAppTests;
			packageProductDependencies = (
			);
			productName = WikipediaSearchAppTests;
			productReference = FAFF684D2E5A1968003DA4CD /* WikipediaSearchAppTests.xctest */;
			productType = "com.apple.product-type.bundle.unit-test";
		};
		FAFF68562E5A1968003DA4CD /* WikipediaSearchAppUITests */ = {
			isa = PBXNativeTarget;
			buildConfigurationList = FAFF68672E5A1968003DA4CD /* Build configuration list for PBXNativeTarget "WikipediaSearchAppUITests" */;
			buildPhases = (
				FAFF68532E5A1968003DA4CD /* Sources */,
				FAFF68542E5A1968003DA4CD /* Frameworks */,
				FAFF68552E5A1968003DA4CD /* Resources */,
			);
			buildRules = (
			);
			dependencies = (
				FAFF68592E5A1968003DA4CD /* PBXTargetDependency */,
			);
			name = WikipediaSearchAppUITests;
			packageProductDependencies = (
			);
			productName = WikipediaSearchAppUITests;
			productReference = FAFF68572E5A1968003DA4CD /* WikipediaSearchAppUITests.xctest */;
			productType = "com.apple.product-type.bundle.ui-testing";
		};
/* End PBXNativeTarget section */

/* Begin PBXProject section */
		FAFF68382E5A1965003DA4CD /* Project object */ = {
			isa = PBXProject;
			attributes = {
				BuildIndependentTargetsInParallel = 1;
				LastSwiftUpdateCheck = 1630;
				LastUpgradeCheck = 1630;
				TargetAttributes = {
					FAFF683F2E5A1966003DA4CD = {
						CreatedOnToolsVersion = 16.3;
					};
					FAFF684C2E5A1968003DA4CD = {
						CreatedOnToolsVersion = 16.3;
						TestTargetID = FAFF683F2E5A1966003DA4CD;
					};
					FAFF68562E5A1968003DA4CD = {
						CreatedOnToolsVersion = 16.3;
						TestTargetID = FAFF683F2E5A1966003DA4CD;
					};
				};
			};
			buildConfigurationList = FAFF683B2E5A1965003DA4CD /* Build configuration list for PBXProject "WikipediaSearchApp" */;
			developmentRegion = en;
			hasScannedForEncodings = 0;
			knownRegions = (
				en,
				Base,
			);
			mainGroup = FAFF68372E5A1965003DA4CD;
			minimizedProjectReferenceProxies = 1;
			preferredProjectObjectVersion = 77;
			productRefGroup = FAFF68412E5A1966003DA4CD /* Products */;
			projectDirPath = "";
			projectRoot = "";
			targets = (
				FAFF683F2E5A1966003DA4CD /* WikipediaSearchApp */,
				FAFF684C2E5A1968003DA4CD /* WikipediaSearchAppTests */,
				FAFF68562E5A1968003DA4CD /* WikipediaSearchAppUITests */,
			);
		};
/* End PBXProject section */

/* Begin PBXResourcesBuildPhase section */
		FAFF683E2E5A1966003DA4CD /* Resources */ = {
			isa = PBXResourcesBuildPhase;
			buildActionMask = 2147483647;
			files = (
			);
			runOnlyForDeploymentPostprocessing = 0;
		};
		FAFF684B2E5A1968003DA4CD /* Resources */ = {
			isa = PBXResourcesBuildPhase;
			buildActionMask = 2147483647;
			files = (
			);
			runOnlyForDeploymentPostprocessing = 0;
		};
		FAFF68552E5A1968003DA4CD /* Resources */ = {
			isa = PBXResourcesBuildPhase;
			buildActionMask = 2147483647;
			files = (
			);
			runOnlyForDeploymentPostprocessing = 0;
		};
/* End PBXResourcesBuildPhase section */

/* Begin PBXSourcesBuildPhase section */
		FAFF683C2E5A1966003DA4CD /* Sources */ = {
			isa = PBXSourcesBuildPhase;
			buildActionMask = 2147483647;
			files = (
			);
			runOnlyForDeploymentPostprocessing = 0;
		};
		FAFF68492E5A1968003DA4CD /* Sources */ = {
			isa = PBXSourcesBuildPhase;
			buildActionMask = 2147483647;
			files = (
			);
			runOnlyForDeploymentPostprocessing = 0;
		};
		FAFF68532E5A1968003DA4CD /* Sources */ = {
			isa = PBXSourcesBuildPhase;
			buildActionMask = 2147483647;
			files = (
			);
			runOnlyForDeploymentPostprocessing = 0;
		};
/* End PBXSourcesBuildPhase section */

/* Begin PBXTargetDependency section */
		FAFF684F2E5A1968003DA4CD /* PBXTargetDependency */ = {
			isa = PBXTargetDependency;
			target = FAFF683F2E5A1966003DA4CD /* WikipediaSearchApp */;
			targetProxy = FAFF684E2E5A1968003DA4CD /* PBXContainerItemProxy */;
		};
		FAFF68592E5A1968003DA4CD /* PBXTargetDependency */ = {
			isa = PBXTargetDependency;
			target = FAFF683F2E5A1966003DA4CD /* WikipediaSearchApp */;
			targetProxy = FAFF68582E5A1968003DA4CD /* PBXContainerItemProxy */;
		};
/* End PBXTargetDependency section */

/* Begin XCBuildConfiguration section */
		FAFF685F2E5A1968003DA4CD /* Debug */ = {
			isa = XCBuildConfiguration;
			buildSettings = {
				ALWAYS_SEARCH_USER_PATHS = NO;
				ASSETCATALOG_COMPILER_GENERATE_SWIFT_ASSET_SYMBOL_EXTENSIONS = YES;
				CLANG_ANALYZER_NONNULL = YES;
				CLANG_ANALYZER_NUMBER_OBJECT_CONVERSION = YES_AGGRESSIVE;
				CLANG_CXX_LANGUAGE_STANDARD = "gnu++20";
				CLANG_ENABLE_MODULES = YES;
				CLANG_ENABLE_OBJC_ARC = YES;
				CLANG_ENABLE_OBJC_WEAK = YES;
				CLANG_WARN_BLOCK_CAPTURE_AUTORELEASING = YES;
				CLANG_WARN_BOOL_CONVERSION = YES;
				CLANG_WARN_COMMA = YES;
				CLANG_WARN_CONSTANT_CONVERSION = YES;
				CLANG_WARN_DEPRECATED_OBJC_IMPLEMENTATIONS = YES;
				CLANG_WARN_DIRECT_OBJC_ISA_USAGE = YES_ERROR;
				CLANG_WARN_DOCUMENTATION_COMMENTS = YES;
				CLANG_WARN_EMPTY_BODY = YES;
				CLANG_WARN_ENUM_CONVERSION = YES;
				CLANG_WARN_INFINITE_RECURSION = YES;
				CLANG_WARN_INT_CONVERSION = YES;
				CLANG_WARN_NON_LITERAL_NULL_CONVERSION = YES;
				CLANG_WARN_OBJC_IMPLICIT_RETAIN_SELF = YES;
				CLANG_WARN_OBJC_LITERAL_CONVERSION = YES;
				CLANG_WARN_OBJC_ROOT_CLASS = YES_ERROR;
				CLANG_WARN_QUOTED_INCLUDE_IN_FRAMEWORK_HEADER = YES;
				CLANG_WARN_RANGE_LOOP_ANALYSIS = YES;
				CLANG_WARN_STRICT_PROTOTYPES = YES;
				CLANG_WARN_SUSPICIOUS_MOVE = YES;
				CLANG_WARN_UNGUARDED_AVAILABILITY = YES_AGGRESSIVE;
				CLANG_WARN_UNREACHABLE_CODE = YES;
				CLANG_WARN__DUPLICATE_METHOD_MATCH = YES;
				COPY_PHASE_STRIP = NO;
				DEBUG_INFORMATION_FORMAT = dwarf;
				DEVELOPMENT_TEAM = JCF8KR5D5D;
				ENABLE_STRICT_OBJC_MSGSEND = YES;
				ENABLE_TESTABILITY = YES;
				ENABLE_USER_SCRIPT_SANDBOXING = YES;
				GCC_C_LANGUAGE_STANDARD = gnu17;
				GCC_DYNAMIC_NO_PIC = NO;
				GCC_NO_COMMON_BLOCKS = YES;
				GCC_OPTIMIZATION_LEVEL = 0;
				GCC_PREPROCESSOR_DEFINITIONS = (
					"DEBUG=1",
					"$(inherited)",
				);
				GCC_WARN_64_TO_32_BIT_CONVERSION = YES;
				GCC_WARN_ABOUT_RETURN_TYPE = YES_ERROR;
				GCC_WARN_UNDECLARED_SELECTOR = YES;
				GCC_WARN_UNINITIALIZED_AUTOS = YES_AGGRESSIVE;
				GCC_WARN_UNUSED_FUNCTION = YES;
				GCC_WARN_UNUSED_VARIABLE = YES;
				IPHONEOS_DEPLOYMENT_TARGET = 18.4;
				LOCALIZATION_PREFERS_STRING_CATALOGS = YES;
				MTL_ENABLE_DEBUG_INFO = INCLUDE_SOURCE;
				MTL_FAST_MATH = YES;
				ONLY_ACTIVE_ARCH = YES;
				SDKROOT = iphoneos;
				SWIFT_ACTIVE_COMPILATION_CONDITIONS = "DEBUG $(inherited)";
				SWIFT_OPTIMIZATION_LEVEL = "-Onone";
			};
			name = Debug;
		};
		FAFF68602E5A1968003DA4CD /* Release */ = {
			isa = XCBuildConfiguration;
			buildSettings = {
				ALWAYS_SEARCH_USER_PATHS = NO;
				ASSETCATALOG_COMPILER_GENERATE_SWIFT_ASSET_SYMBOL_EXTENSIONS = YES;
				CLANG_ANALYZER_NONNULL = YES;
				CLANG_ANALYZER_NUMBER_OBJECT_CONVERSION = YES_AGGRESSIVE;
				CLANG_CXX_LANGUAGE_STANDARD = "gnu++20";
				CLANG_ENABLE_MODULES = YES;
				CLANG_ENABLE_OBJC_ARC = YES;
				CLANG_ENABLE_OBJC_WEAK = YES;
				CLANG_WARN_BLOCK_CAPTURE_AUTORELEASING = YES;
				CLANG_WARN_BOOL_CONVERSION = YES;
				CLANG_WARN_COMMA = YES;
				CLANG_WARN_CONSTANT_CONVERSION = YES;
				CLANG_WARN_DEPRECATED_OBJC_IMPLEMENTATIONS = YES;
				CLANG_WARN_DIRECT_OBJC_ISA_USAGE = YES_ERROR;
				CLANG_WARN_DOCUMENTATION_COMMENTS = YES;
				CLANG_WARN_EMPTY_BODY = YES;
				CLANG_WARN_ENUM_CONVERSION = YES;
				CLANG_WARN_INFINITE_RECURSION = YES;
				CLANG_WARN_INT_CONVERSION = YES;
				CLANG_WARN_NON_LITERAL_NULL_CONVERSION = YES;
				CLANG_WARN_OBJC_IMPLICIT_RETAIN_SELF = YES;
				CLANG_WARN_OBJC_LITERAL_CONVERSION = YES;
				CLANG_WARN_OBJC_ROOT_CLASS = YES_ERROR;
				CLANG_WARN_QUOTED_INCLUDE_IN_FRAMEWORK_HEADER = YES;
				CLANG_WARN_RANGE_LOOP_ANALYSIS = YES;
				CLANG_WARN_STRICT_PROTOTYPES = YES;
				CLANG_WARN_SUSPICIOUS_MOVE = YES;
				CLANG_WARN_UNGUARDED_AVAILABILITY = YES_AGGRESSIVE;
				CLANG_WARN_UNREACHABLE_CODE = YES;
				CLANG_WARN__DUPLICATE_METHOD_MATCH = YES;
				COPY_PHASE_STRIP = NO;
				DEBUG_INFORMATION_FORMAT = "dwarf-with-dsym";
				DEVELOPMENT_TEAM = JCF8KR5D5D;
				ENABLE_NS_ASSERTIONS = NO;
				ENABLE_STRICT_OBJC_MSGSEND = YES;
				ENABLE_USER_SCRIPT_SANDBOXING = YES;
				GCC_C_LANGUAGE_STANDARD = gnu17;
				GCC_NO_COMMON_BLOCKS = YES;
				GCC_WARN_64_TO_32_BIT_CONVERSION = YES;
				GCC_WARN_ABOUT_RETURN_TYPE = YES_ERROR;
				GCC_WARN_UNDECLARED_SELECTOR = YES;
				GCC_WARN_UNINITIALIZED_AUTOS = YES_AGGRESSIVE;
				GCC_WARN_UNUSED_FUNCTION = YES;
				GCC_WARN_UNUSED_VARIABLE = YES;
				IPHONEOS_DEPLOYMENT_TARGET = 18.4;
				LOCALIZATION_PREFERS_STRING_CATALOGS = YES;
				MTL_ENABLE_DEBUG_INFO = NO;
				MTL_FAST_MATH = YES;
				SDKROOT = iphoneos;
				SWIFT_COMPILATION_MODE = wholemodule;
				VALIDATE_PRODUCT = YES;
			};
			name = Release;
		};
		FAFF68622E5A1968003DA4CD /* Debug */ = {
			isa = XCBuildConfiguration;
			buildSettings = {
				ASSETCATALOG_COMPILER_APPICON_NAME = AppIcon;
				ASSETCATALOG_COMPILER_GLOBAL_ACCENT_COLOR_NAME = AccentColor;
				CODE_SIGN_STYLE = Automatic;
				CURRENT_PROJECT_VERSION = 1;
				DEVELOPMENT_TEAM = JCF8KR5D5D;
				ENABLE_PREVIEWS = YES;
				GENERATE_INFOPLIST_FILE = YES;
				INFOPLIST_KEY_NSLocationAlwaysAndWhenInUseUsageDescription = "This app uses location to find nearby Wikipedia articles";
				INFOPLIST_KEY_NSLocationWhenInUseUsageDescription = "This app uses location to find nearby Wikipedia articles";
				INFOPLIST_KEY_UIApplicationSceneManifest_Generation = YES;
				INFOPLIST_KEY_UIApplicationSupportsIndirectInputEvents = YES;
				INFOPLIST_KEY_UILaunchScreen_Generation = YES;
				INFOPLIST_KEY_UISupportedInterfaceOrientations_iPad = "UIInterfaceOrientationPortrait UIInterfaceOrientationPortraitUpsideDown UIInterfaceOrientationLandscapeLeft UIInterfaceOrientationLandscapeRight";
				INFOPLIST_KEY_UISupportedInterfaceOrientations_iPhone = "UIInterfaceOrientationPortrait UIInterfaceOrientationLandscapeLeft UIInterfaceOrientationLandscapeRight";
				LD_RUNPATH_SEARCH_PATHS = (
					"$(inherited)",
					"@executable_path/Frameworks",
				);
				MARKETING_VERSION = 1.0;
				PRODUCT_BUNDLE_IDENTIFIER = BeckTechApps.WikipediaSearchApp;
				PRODUCT_NAME = "$(TARGET_NAME)";
				SWIFT_EMIT_LOC_STRINGS = YES;
				SWIFT_VERSION = 5.0;
				TARGETED_DEVICE_FAMILY = "1,2";
			};
			name = Debug;
		};
		FAFF68632E5A1968003DA4CD /* Release */ = {
			isa = XCBuildConfiguration;
			buildSettings = {
				ASSETCATALOG_COMPILER_APPICON_NAME = AppIcon;
				ASSETCATALOG_COMPILER_GLOBAL_ACCENT_COLOR_NAME = AccentColor;
				CODE_SIGN_STYLE = Automatic;
				CURRENT_PROJECT_VERSION = 1;
				DEVELOPMENT_TEAM = JCF8KR5D5D;
				ENABLE_PREVIEWS = YES;
				GENERATE_INFOPLIST_FILE = YES;
				INFOPLIST_KEY_NSLocationAlwaysAndWhenInUseUsageDescription = "This app uses location to find nearby Wikipedia articles";
				INFOPLIST_KEY_NSLocationWhenInUseUsageDescription = "This app uses location to find nearby Wikipedia articles";
				INFOPLIST_KEY_UIApplicationSceneManifest_Generation = YES;
				INFOPLIST_KEY_UIApplicationSupportsIndirectInputEvents = YES;
				INFOPLIST_KEY_UILaunchScreen_Generation = YES;
				INFOPLIST_KEY_UISupportedInterfaceOrientations_iPad = "UIInterfaceOrientationPortrait UIInterfaceOrientationPortraitUpsideDown UIInterfaceOrientationLandscapeLeft UIInterfaceOrientationLandscapeRight";
				INFOPLIST_KEY_UISupportedInterfaceOrientations_iPhone = "UIInterfaceOrientationPortrait UIInterfaceOrientationLandscapeLeft UIInterfaceOrientationLandscapeRight";
				LD_RUNPATH_SEARCH_PATHS = (
					"$(inherited)",
					"@executable_path/Frameworks",
				);
				MARKETING_VERSION = 1.0;
				PRODUCT_BUNDLE_IDENTIFIER = BeckTechApps.WikipediaSearchApp;
				PRODUCT_NAME = "$(TARGET_NAME)";
				SWIFT_EMIT_LOC_STRINGS = YES;
				SWIFT_VERSION = 5.0;
				TARGETED_DEVICE_FAMILY = "1,2";
			};
			name = Release;
		};
		FAFF68652E5A1968003DA4CD /* Debug */ = {
			isa = XCBuildConfiguration;
			buildSettings = {
				BUNDLE_LOADER = "$(TEST_HOST)";
				CODE_SIGN_STYLE = Automatic;
				CURRENT_PROJECT_VERSION = 1;
				DEVELOPMENT_TEAM = JCF8KR5D5D;
				GENERATE_INFOPLIST_FILE = YES;
				IPHONEOS_DEPLOYMENT_TARGET = 18.4;
				MARKETING_VERSION = 1.0;
				PRODUCT_BUNDLE_IDENTIFIER = BeckTechApps.WikipediaSearchAppTests;
				PRODUCT_NAME = "$(TARGET_NAME)";
				SWIFT_EMIT_LOC_STRINGS = NO;
				SWIFT_VERSION = 5.0;
				TARGETED_DEVICE_FAMILY = "1,2";
				TEST_HOST = "$(BUILT_PRODUCTS_DIR)/WikipediaSearchApp.app/$(BUNDLE_EXECUTABLE_FOLDER_PATH)/WikipediaSearchApp";
			};
			name = Debug;
		};
		FAFF68662E5A1968003DA4CD /* Release */ = {
			isa = XCBuildConfiguration;
			buildSettings = {
				BUNDLE_LOADER = "$(TEST_HOST)";
				CODE_SIGN_STYLE = Automatic;
				CURRENT_PROJECT_VERSION = 1;
				DEVELOPMENT_TEAM = JCF8KR5D5D;
				GENERATE_INFOPLIST_FILE = YES;
				IPHONEOS_DEPLOYMENT_TARGET = 18.4;
				MARKETING_VERSION = 1.0;
				PRODUCT_BUNDLE_IDENTIFIER = BeckTechApps.WikipediaSearchAppTests;
				PRODUCT_NAME = "$(TARGET_NAME)";
				SWIFT_EMIT_LOC_STRINGS = NO;
				SWIFT_VERSION = 5.0;
				TARGETED_DEVICE_FAMILY = "1,2";
				TEST_HOST = "$(BUILT_PRODUCTS_DIR)/WikipediaSearchApp.app/$(BUNDLE_EXECUTABLE_FOLDER_PATH)/WikipediaSearchApp";
			};
			name = Release;
		};
		FAFF68682E5A1968003DA4CD /* Debug */ = {
			isa = XCBuildConfiguration;
			buildSettings = {
				CODE_SIGN_STYLE = Automatic;
				CURRENT_PROJECT_VERSION = 1;
				DEVELOPMENT_TEAM = JCF8KR5D5D;
				GENERATE_INFOPLIST_FILE = YES;
				MARKETING_VERSION = 1.0;
				PRODUCT_BUNDLE_IDENTIFIER = BeckTechApps.WikipediaSearchAppUITests;
				PRODUCT_NAME = "$(TARGET_NAME)";
				SWIFT_EMIT_LOC_STRINGS = NO;
				SWIFT_VERSION = 5.0;
				TARGETED_DEVICE_FAMILY = "1,2";
				TEST_TARGET_NAME = WikipediaSearchApp;
			};
			name = Debug;
		};
		FAFF68692E5A1968003DA4CD /* Release */ = {
			isa = XCBuildConfiguration;
			buildSettings = {
				CODE_SIGN_STYLE = Automatic;
				CURRENT_PROJECT_VERSION = 1;
				DEVELOPMENT_TEAM = JCF8KR5D5D;
				GENERATE_INFOPLIST_FILE = YES;
				MARKETING_VERSION = 1.0;
				PRODUCT_BUNDLE_IDENTIFIER = BeckTechApps.WikipediaSearchAppUITests;
				PRODUCT_NAME = "$(TARGET_NAME)";
				SWIFT_EMIT_LOC_STRINGS = NO;
				SWIFT_VERSION = 5.0;
				TARGETED_DEVICE_FAMILY = "1,2";
				TEST_TARGET_NAME = WikipediaSearchApp;
			};
			name = Release;
		};
/* End XCBuildConfiguration section */

/* Begin XCConfigurationList section */
		FAFF683B2E5A1965003DA4CD /* Build configuration list for PBXProject "WikipediaSearchApp" */ = {
			isa = XCConfigurationList;
			buildConfigurations = (
				FAFF685F2E5A1968003DA4CD /* Debug */,
				FAFF68602E5A1968003DA4CD /* Release */,
			);
			defaultConfigurationIsVisible = 0;
			defaultConfigurationName = Release;
		};
		FAFF68612E5A1968003DA4CD /* Build configuration list for PBXNativeTarget "WikipediaSearchApp" */ = {
			isa = XCConfigurationList;
			buildConfigurations = (
				FAFF68622E5A1968003DA4CD /* Debug */,
				FAFF68632E5A1968003DA4CD /* Release */,
			);
			defaultConfigurationIsVisible = 0;
			defaultConfigurationName = Release;
		};
		FAFF68642E5A1968003DA4CD /* Build configuration list for PBXNativeTarget "WikipediaSearchAppTests" */ = {
			isa = XCConfigurationList;
			buildConfigurations = (
				FAFF68652E5A1968003DA4CD /* Debug */,
				FAFF68662E5A1968003DA4CD /* Release */,
			);
			defaultConfigurationIsVisible = 0;
			defaultConfigurationName = Release;
		};
		FAFF68672E5A1968003DA4CD /* Build configuration list for PBXNativeTarget "WikipediaSearchAppUITests" */ = {
			isa = XCConfigurationList;
			buildConfigurations = (
				FAFF68682E5A1968003DA4CD /* Debug */,
				FAFF68692E5A1968003DA4CD /* Release */,
			);
			defaultConfigurationIsVisible = 0;
			defaultConfigurationName = Release;
		};
/* End XCConfigurationList section */
	};
	rootObject = FAFF68382E5A1965003DA4CD /* Project object */;
}
